{
  "name": "coursekit-client",
  "lockfileVersion": 2,
  "requires": true,
  "packages": {
    "": {
      "dependencies": {
        "@api.video/player-sdk": "^1.2.9"
      }
    },
    "node_modules/@api.video/player-sdk": {
      "version": "1.2.9",
      "resolved": "https://registry.npmjs.org/@api.video/player-sdk/-/player-sdk-1.2.9.tgz",
      "integrity": "sha512-NqRH0br6XfPGPRkQNnHAOcQOxZC8XiGz47GQ89sVxg8sYfn8+X5H3LB5KH/X8Lxg53Si2drjfGB66/ss2OtsIw==",
      "dependencies": {
        "core-js": "^3.8.3",
        "url-polyfill": "^1.1.12"
      }
    },
    "node_modules/core-js": {
      "version": "3.19.3",
      "resolved": "https://registry.npmjs.org/core-js/-/core-js-3.19.3.tgz",
      "integrity": "sha512-LeLBMgEGSsG7giquSzvgBrTS7V5UL6ks3eQlUSbN8dJStlLFiRzUm5iqsRyzUB8carhfKjkJ2vzKqE6z1Vga9g==",
      "hasInstallScript": true,
      "funding": {
        "type": "opencollective",
        "url": "https://opencollective.com/core-js"
      }
    },
    "node_modules/url-polyfill": {
      "version": "1.1.12",
      "resolved": "https://registry.npmjs.org/url-polyfill/-/url-polyfill-1.1.12.tgz",
      "integrity": "sha512-mYFmBHCapZjtcNHW0MDq9967t+z4Dmg5CJ0KqysK3+ZbyoNOWQHksGCTWwDhxGXllkWlOc10Xfko6v4a3ucM6A=="
    }
  },
  "dependencies": {
    "@api.video/player-sdk": {
      "version": "1.2.9",
      "resolved": "https://registry.npmjs.org/@api.video/player-sdk/-/player-sdk-1.2.9.tgz",
      "integrity": "sha512-NqRH0br6XfPGPRkQNnHAOcQOxZC8XiGz47GQ89sVxg8sYfn8+X5H3LB5KH/X8Lxg53Si2drjfGB66/ss2OtsIw==",
      "requires": {
        "core-js": "^3.8.3",
        "url-polyfill": "^1.1.12"
      }
    },
    "core-js": {
      "version": "3.19.3",
      "resolved": "https://registry.npmjs.org/core-js/-/core-js-3.19.3.tgz",
      "integrity": "sha512-LeLBMgEGSsG7giquSzvgBrTS7V5UL6ks3eQlUSbN8dJStlLFiRzUm5iqsRyzUB8carhfKjkJ2vzKqE6z1Vga9g=="
    },
    "url-polyfill": {
      "version": "1.1.12",
      "resolved": "https://registry.npmjs.org/url-polyfill/-/url-polyfill-1.1.12.tgz",
      "integrity": "sha512-mYFmBHCapZjtcNHW0MDq9967t+z4Dmg5CJ0KqysK3+ZbyoNOWQHksGCTWwDhxGXllkWlOc10Xfko6v4a3ucM6A=="
    }
  }
}
